
Microsoft Visual Studio Solution File, Format Version 12.00
# Visual Studio Version 17
VisualStudioVersion = 17.6.33829.357
MinimumVisualStudioVersion = 10.0.40219.1
Project("{FAE04EC0-301F-11D3-BF4B-00C04F79EFBC}") = "WebApplication5", "WebApplication5\WebApplication5.csproj", "{99327BCA-F968-48F1-898D-FBCDFD42B769}"
EndProject
Global
	GlobalSection(SolutionConfigurationPlatforms) = preSolution
		Debug|Any CPU = Debug|Any CPU
		Release|Any CPU = Release|Any CPU
	EndGlobalSection
	GlobalSection(ProjectConfigurationPlatforms) = postSolution
		{99327BCA-F968-48F1-898D-FBCDFD42B769}.Debug|Any CPU.ActiveCfg = Debug|Any CPU
		{99327BCA-F968-48F1-898D-FBCDFD42B769}.Debug|Any CPU.Build.0 = Debug|Any CPU
		{99327BCA-F968-48F1-898D-FBCDFD42B769}.Release|Any CPU.ActiveCfg = Release|Any CPU
		{99327BCA-F968-48F1-898D-FBCDFD42B769}.Release|Any CPU.Build.0 = Release|Any CPU
	EndGlobalSection
	GlobalSection(SolutionProperties) = preSolution
		HideSolutionNode = FALSE
	EndGlobalSection
	GlobalSection(ExtensibilityGlobals) = postSolution
		SolutionGuid = {404A6631-4A2F-4CC9-B4EA-530BBFAD03BF}
	EndGlobalSection
EndGlobal
